
Microsoft Visual Studio Solution File, Format Version 12.00
# Visual Studio 15
Project("{FAE04EC0-301F-11D3-BF4B-00C04F79EFBC}") = "Assembly-CSharp-firstpass", "Assembly-CSharp-firstpass.csproj", "{31FF5882-3E88-05F8-6BEE-07377EA9C998}"
EndProject
Project("{FAE04EC0-301F-11D3-BF4B-00C04F79EFBC}") = "Assembly-CSharp", "Assembly-CSharp.csproj", "{120D5625-3267-2186-5002-AC752DCB4729}"
EndProject
Project("{FAE04EC0-301F-11D3-BF4B-00C04F79EFBC}") = "Assembly-CSharp-Editor", "Assembly-CSharp-Editor.csproj", "{80971F43-AB36-C732-E672-17E528BAFA47}"
EndProject
Project("{FAE04EC0-301F-11D3-BF4B-00C04F79EFBC}") = "Assembly-CSharp-Editor-firstpass", "Assembly-CSharp-Editor-firstpass.csproj", "{3F4BC39F-CD81-F8C5-188E-41E388C4B87F}"
EndProject
Global
	GlobalSection(SolutionConfigurationPlatforms) = preSolution
		Debug|Any CPU = Debug|Any CPU
		Release|Any CPU = Release|Any CPU
	EndGlobalSection
	GlobalSection(ProjectConfigurationPlatforms) = postSolution
		{31FF5882-3E88-05F8-6BEE-07377EA9C998}.Debug|Any CPU.ActiveCfg = Debug|Any CPU
		{31FF5882-3E88-05F8-6BEE-07377EA9C998}.Debug|Any CPU.Build.0 = Debug|Any CPU
		{31FF5882-3E88-05F8-6BEE-07377EA9C998}.Release|Any CPU.ActiveCfg = Release|Any CPU
		{31FF5882-3E88-05F8-6BEE-07377EA9C998}.Release|Any CPU.Build.0 = Release|Any CPU
		{120D5625-3267-2186-5002-AC752DCB4729}.Debug|Any CPU.ActiveCfg = Debug|Any CPU
		{120D5625-3267-2186-5002-AC752DCB4729}.Debug|Any CPU.Build.0 = Debug|Any CPU
		{120D5625-3267-2186-5002-AC752DCB4729}.Release|Any CPU.ActiveCfg = Release|Any CPU
		{120D5625-3267-2186-5002-AC752DCB4729}.Release|Any CPU.Build.0 = Release|Any CPU
		{80971F43-AB36-C732-E672-17E528BAFA47}.Debug|Any CPU.ActiveCfg = Debug|Any CPU
		{80971F43-AB36-C732-E672-17E528BAFA47}.Debug|Any CPU.Build.0 = Debug|Any CPU
		{80971F43-AB36-C732-E672-17E528BAFA47}.Release|Any CPU.ActiveCfg = Release|Any CPU
		{80971F43-AB36-C732-E672-17E528BAFA47}.Release|Any CPU.Build.0 = Release|Any CPU
		{3F4BC39F-CD81-F8C5-188E-41E388C4B87F}.Debug|Any CPU.ActiveCfg = Debug|Any CPU
		{3F4BC39F-CD81-F8C5-188E-41E388C4B87F}.Debug|Any CPU.Build.0 = Debug|Any CPU
		{3F4BC39F-CD81-F8C5-188E-41E388C4B87F}.Release|Any CPU.ActiveCfg = Release|Any CPU
		{3F4BC39F-CD81-F8C5-188E-41E388C4B87F}.Release|Any CPU.Build.0 = Release|Any CPU
	EndGlobalSection
	GlobalSection(SolutionProperties) = preSolution
		HideSolutionNode = FALSE
	EndGlobalSection
EndGlobal
